// !$*UTF8*$!
{
	archiveVersion = 1;
	classes = {
	};
	objectVersion = 50;
	objects = {

/* Begin PBXBuildFile section */
		AB2DB29923A8097400B929C0 /* AppDelegate.swift in Sources */ = {isa = PBXBuildFile; fileRef = AB2DB29823A8097400B929C0 /* AppDelegate.swift */; };
		AB2DB29B23A8097400B929C0 /* SceneDelegate.swift in Sources */ = {isa = PBXBuildFile; fileRef = AB2DB29A23A8097400B929C0 /* SceneDelegate.swift */; };
		AB2DB29D23A8097400B929C0 /* ViewController.swift in Sources */ = {isa = PBXBuildFile; fileRef = AB2DB29C23A8097400B929C0 /* ViewController.swift */; };
		AB2DB2A023A8097400B929C0 /* Main.storyboard in Resources */ = {isa = PBXBuildFile; fileRef = AB2DB29E23A8097400B929C0 /* Main.storyboard */; };
		AB2DB2A223A8097700B929C0 /* Assets.xcassets in Resources */ = {isa = PBXBuildFile; fileRef = AB2DB2A123A8097700B929C0 /* Assets.xcassets */; };
		AB2DB2A523A8097700B929C0 /* LaunchScreen.storyboard in Resources */ = {isa = PBXBuildFile; fileRef = AB2DB2A323A8097700B929C0 /* LaunchScreen.storyboard */; };
		AB2DB2AD23A80A4500B929C0 /* Exercise.swift in Sources */ = {isa = PBXBuildFile; fileRef = AB2DB2AC23A80A4500B929C0 /* Exercise.swift */; };
		AB2DB2AF23A80B1300B929C0 /* Jumping.swift in Sources */ = {isa = PBXBuildFile; fileRef = AB2DB2AE23A80B1300B929C0 /* Jumping.swift */; };
		AB2DB2B223A810BD00B929C0 /* Squartz.swift in Sources */ = {isa = PBXBuildFile; fileRef = AB2DB2B123A810BD00B929C0 /* Squartz.swift */; };
/* End PBXBuildFile section */

/* Begin PBXFileReference section */
		AB2DB29523A8097400B929C0 /* DesignPatterns_FactoryMethod.app */ = {isa = PBXFileReference; explicitFileType = wrapper.application; includeInIndex = 0; path = DesignPatterns_FactoryMethod.app; sourceTree = BUILT_PRODUCTS_DIR; };
		AB2DB29823A8097400B929C0 /* AppDelegate.swift */ = {isa = PBXFileReference; lastKnownFileType = sourcecode.swift; path = AppDelegate.swift; sourceTree = "<group>"; };
		AB2DB29A23A8097400B929C0 /* SceneDelegate.swift */ = {isa = PBXFileReference; lastKnownFileType = sourcecode.swift; path = SceneDelegate.swift; sourceTree = "<group>"; };
		AB2DB29C23A8097400B929C0 /* ViewController.swift */ = {isa = PBXFileReference; lastKnownFileType = sourcecode.swift; path = ViewController.swift; sourceTree = "<group>"; };
		AB2DB29F23A8097400B929C0 /* Base */ = {isa = PBXFileReference; lastKnownFileType = file.storyboard; name = Base; path = Base.lproj/Main.storyboard; sourceTree = "<group>"; };
		AB2DB2A123A8097700B929C0 /* Assets.xcassets */ = {isa = PBXFileReference; lastKnownFileType = folder.assetcatalog; path = Assets.xcassets; sourceTree = "<group>"; };
		AB2DB2A423A8097700B929C0 /* Base */ = {isa = PBXFileReference; lastKnownFileType = file.storyboard; name = Base; path = Base.lproj/LaunchScreen.storyboard; sourceTree = "<group>"; };
		AB2DB2A623A8097700B929C0 /* Info.plist */ = {isa = PBXFileReference; lastKnownFileType = text.plist.xml; path = Info.plist; sourceTree = "<group>"; };
		AB2DB2AC23A80A4500B929C0 /* Exercise.swift */ = {isa = PBXFileReference; lastKnownFileType = sourcecode.swift; path = Exercise.swift; sourceTree = "<group>"; };
		AB2DB2AE23A80B1300B929C0 /* Jumping.swift */ = {isa = PBXFileReference; lastKnownFileType = sourcecode.swift; path = Jumping.swift; sourceTree = "<group>"; };
		AB2DB2B123A810BD00B929C0 /* Squartz.swift */ = {isa = PBXFileReference; lastKnownFileType = sourcecode.swift; path = Squartz.swift; sourceTree = "<group>"; };
/* End PBXFileReference section */

/* Begin PBXFrameworksBuildPhase section */
		AB2DB29223A8097400B929C0 /* Frameworks */ = {
			isa = PBXFrameworksBuildPhase;
			buildActionMask = 2147483647;
			files = (
			);
			runOnlyForDeploymentPostprocessing = 0;
		};
/* End PBXFrameworksBuildPhase section */

/* Begin PBXGroup section */
		AB2DB28C23A8097400B929C0 = {
			isa = PBXGroup;
			children = (
				AB2DB29723A8097400B929C0 /* DesignPatterns_FactoryMethod */,
				AB2DB29623A8097400B929C0 /* Products */,
			);
			sourceTree = "<group>";
		};
		AB2DB29623A8097400B929C0 /* Products */ = {
			isa = PBXGroup;
			children = (
				AB2DB29523A8097400B929C0 /* DesignPatterns_FactoryMethod.app */,
			);
			name = Products;
			sourceTree = "<group>";
		};
		AB2DB29723A8097400B929C0 /* DesignPatterns_FactoryMethod */ = {
			isa = PBXGroup;
			children = (
				AB2DB29823A8097400B929C0 /* AppDelegate.swift */,
				AB2DB29A23A8097400B929C0 /* SceneDelegate.swift */,
				AB2DB2B023A8109F00B929C0 /* Exercise */,
				AB2DB29C23A8097400B929C0 /* ViewController.swift */,
				AB2DB29E23A8097400B929C0 /* Main.storyboard */,
				AB2DB2A123A8097700B929C0 /* Assets.xcassets */,
				AB2DB2A323A8097700B929C0 /* LaunchScreen.storyboard */,
				AB2DB2A623A8097700B929C0 /* Info.plist */,
			);
			path = DesignPatterns_FactoryMethod;
			sourceTree = "<group>";
		};
		AB2DB2B023A8109F00B929C0 /* Exercise */ = {
			isa = PBXGroup;
			children = (
				AB2DB2AC23A80A4500B929C0 /* Exercise.swift */,
				AB2DB2AE23A80B1300B929C0 /* Jumping.swift */,
				AB2DB2B123A810BD00B929C0 /* Squartz.swift */,
			);
			path = Exercise;
			sourceTree = "<group>";
		};
/* End PBXGroup section */

/* Begin PBXNativeTarget section */
		AB2DB29423A8097400B929C0 /* DesignPatterns_FactoryMethod */ = {
			isa = PBXNativeTarget;
			buildConfigurationList = AB2DB2A923A8097700B929C0 /* Build configuration list for PBXNativeTarget "DesignPatterns_FactoryMethod" */;
			buildPhases = (
				AB2DB29123A8097400B929C0 /* Sources */,
				AB2DB29223A8097400B929C0 /* Frameworks */,
				AB2DB29323A8097400B929C0 /* Resources */,
			);
			buildRules = (
			);
			dependencies = (
			);
			name = DesignPatterns_FactoryMethod;
			productName = DesignPatterns_FactoryMethod;
			productReference = AB2DB29523A8097400B929C0 /* DesignPatterns_FactoryMethod.app */;
			productType = "com.apple.product-type.application";
		};
/* End PBXNativeTarget section */

/* Begin PBXProject section */
		AB2DB28D23A8097400B929C0 /* Project object */ = {
			isa = PBXProject;
			attributes = {
				LastSwiftUpdateCheck = 1130;
				LastUpgradeCheck = 1130;
				ORGANIZATIONNAME = "Александр Уткин";
				TargetAttributes = {
					AB2DB29423A8097400B929C0 = {
						CreatedOnToolsVersion = 11.3;
					};
				};
			};
			buildConfigurationList = AB2DB29023A8097400B929C0 /* Build configuration list for PBXProject "DesignPatterns_FactoryMethod" */;
			compatibilityVersion = "Xcode 9.3";
			developmentRegion = en;
			hasScannedForEncodings = 0;
			knownRegions = (
				en,
				Base,
			);
			mainGroup = AB2DB28C23A8097400B929C0;
			productRefGroup = AB2DB29623A8097400B929C0 /* Products */;
			projectDirPath = "";
			projectRoot = "";
			targets = (
				AB2DB29423A8097400B929C0 /* DesignPatterns_FactoryMethod */,
			);
		};
/* End PBXProject section */

/* Begin PBXResourcesBuildPhase section */
		AB2DB29323A8097400B929C0 /* Resources */ = {
			isa = PBXResourcesBuildPhase;
			buildActionMask = 2147483647;
			files = (
				AB2DB2A523A8097700B929C0 /* LaunchScreen.storyboard in Resources */,
				AB2DB2A223A8097700B929C0 /* Assets.xcassets in Resources */,
				AB2DB2A023A8097400B929C0 /* Main.storyboard in Resources */,
			);
			runOnlyForDeploymentPostprocessing = 0;
		};
/* End PBXResourcesBuildPhase section */

/* Begin PBXSourcesBuildPhase section */
		AB2DB29123A8097400B929C0 /* Sources */ = {
			isa = PBXSourcesBuildPhase;
			buildActionMask = 2147483647;
			files = (
				AB2DB29D23A8097400B929C0 /* ViewController.swift in Sources */,
				AB2DB2AD23A80A4500B929C0 /* Exercise.swift in Sources */,
				AB2DB29923A8097400B929C0 /* AppDelegate.swift in Sources */,
				AB2DB2AF23A80B1300B929C0 /* Jumping.swift in Sources */,
				AB2DB2B223A810BD00B929C0 /* Squartz.swift in Sources */,
				AB2DB29B23A8097400B929C0 /* SceneDelegate.swift in Sources */,
			);
			runOnlyForDeploymentPostprocessing = 0;
		};
/* End PBXSourcesBuildPhase section */

/* Begin PBXVariantGroup section */
		AB2DB29E23A8097400B929C0 /* Main.storyboard */ = {
			isa = PBXVariantGroup;
			children = (
				AB2DB29F23A8097400B929C0 /* Base */,
			);
			name = Main.storyboard;
			sourceTree = "<group>";
		};
		AB2DB2A323A8097700B929C0 /* LaunchScreen.storyboard */ = {
			isa = PBXVariantGroup;
			children = (
				AB2DB2A423A8097700B929C0 /* Base */,
			);
			name = LaunchScreen.storyboard;
			sourceTree = "<group>";
		};
/* End PBXVariantGroup section */

/* Begin XCBuildConfiguration section */
		AB2DB2A723A8097700B929C0 /* Debug */ = {
			isa = XCBuildConfiguration;
			buildSettings = {
				ALWAYS_SEARCH_USER_PATHS = NO;
				CLANG_ANALYZER_NONNULL = YES;
				CLANG_ANALYZER_NUMBER_OBJECT_CONVERSION = YES_AGGRESSIVE;
				CLANG_CXX_LANGUAGE_STANDARD = "gnu++14";
				CLANG_CXX_LIBRARY = "libc++";
				CLANG_ENABLE_MODULES = YES;
				CLANG_ENABLE_OBJC_ARC = YES;
				CLANG_ENABLE_OBJC_WEAK = YES;
				CLANG_WARN_BLOCK_CAPTURE_AUTORELEASING = YES;
				CLANG_WARN_BOOL_CONVERSION = YES;
				CLANG_WARN_COMMA = YES;
				CLANG_WARN_CONSTANT_CONVERSION = YES;
				CLANG_WARN_DEPRECATED_OBJC_IMPLEMENTATIONS = YES;
				CLANG_WARN_DIRECT_OBJC_ISA_USAGE = YES_ERROR;
				CLANG_WARN_DOCUMENTATION_COMMENTS = YES;
				CLANG_WARN_EMPTY_BODY = YES;
				CLANG_WARN_ENUM_CONVERSION = YES;
				CLANG_WARN_INFINITE_RECURSION = YES;
				CLANG_WARN_INT_CONVERSION = YES;
				CLANG_WARN_NON_LITERAL_NULL_CONVERSION = YES;
				CLANG_WARN_OBJC_IMPLICIT_RETAIN_SELF = YES;
				CLANG_WARN_OBJC_LITERAL_CONVERSION = YES;
				CLANG_WARN_OBJC_ROOT_CLASS = YES_ERROR;
				CLANG_WARN_RANGE_LOOP_ANALYSIS = YES;
				CLANG_WARN_STRICT_PROTOTYPES = YES;
				CLANG_WARN_SUSPICIOUS_MOVE = YES;
				CLANG_WARN_UNGUARDED_AVAILABILITY = YES_AGGRESSIVE;
				CLANG_WARN_UNREACHABLE_CODE = YES;
				CLANG_WARN__DUPLICATE_METHOD_MATCH = YES;
				COPY_PHASE_STRIP = NO;
				DEBUG_INFORMATION_FORMAT = dwarf;
				ENABLE_STRICT_OBJC_MSGSEND = YES;
				ENABLE_TESTABILITY = YES;
				GCC_C_LANGUAGE_STANDARD = gnu11;
				GCC_DYNAMIC_NO_PIC = NO;
				GCC_NO_COMMON_BLOCKS = YES;
				GCC_OPTIMIZATION_LEVEL = 0;
				GCC_PREPROCESSOR_DEFINITIONS = (
					"DEBUG=1",
					"$(inherited)",
				);
				GCC_WARN_64_TO_32_BIT_CONVERSION = YES;
				GCC_WARN_ABOUT_RETURN_TYPE = YES_ERROR;
				GCC_WARN_UNDECLARED_SELECTOR = YES;
				GCC_WARN_UNINITIALIZED_AUTOS = YES_AGGRESSIVE;
				GCC_WARN_UNUSED_FUNCTION = YES;
				GCC_WARN_UNUSED_VARIABLE = YES;
				IPHONEOS_DEPLOYMENT_TARGET = 13.2;
				MTL_ENABLE_DEBUG_INFO = INCLUDE_SOURCE;
				MTL_FAST_MATH = YES;
				ONLY_ACTIVE_ARCH = YES;
				SDKROOT = iphoneos;
				SWIFT_ACTIVE_COMPILATION_CONDITIONS = DEBUG;
				SWIFT_OPTIMIZATION_LEVEL = "-Onone";
			};
			name = Debug;
		};
		AB2DB2A823A8097700B929C0 /* Release */ = {
			isa = XCBuildConfiguration;
			buildSettings = {
				ALWAYS_SEARCH_USER_PATHS = NO;
				CLANG_ANALYZER_NONNULL = YES;
				CLANG_ANALYZER_NUMBER_OBJECT_CONVERSION = YES_AGGRESSIVE;
				CLANG_CXX_LANGUAGE_STANDARD = "gnu++14";
				CLANG_CXX_LIBRARY = "libc++";
				CLANG_ENABLE_MODULES = YES;
				CLANG_ENABLE_OBJC_ARC = YES;
				CLANG_ENABLE_OBJC_WEAK = YES;
				CLANG_WARN_BLOCK_CAPTURE_AUTORELEASING = YES;
				CLANG_WARN_BOOL_CONVERSION = YES;
				CLANG_WARN_COMMA = YES;
				CLANG_WARN_CONSTANT_CONVERSION = YES;
				CLANG_WARN_DEPRECATED_OBJC_IMPLEMENTATIONS = YES;
				CLANG_WARN_DIRECT_OBJC_ISA_USAGE = YES_ERROR;
				CLANG_WARN_DOCUMENTATION_COMMENTS = YES;
				CLANG_WARN_EMPTY_BODY = YES;
				CLANG_WARN_ENUM_CONVERSION = YES;
				CLANG_WARN_INFINITE_RECURSION = YES;
				CLANG_WARN_INT_CONVERSION = YES;
				CLANG_WARN_NON_LITERAL_NULL_CONVERSION = YES;
				CLANG_WARN_OBJC_IMPLICIT_RETAIN_SELF = YES;
				CLANG_WARN_OBJC_LITERAL_CONVERSION = YES;
				CLANG_WARN_OBJC_ROOT_CLASS = YES_ERROR;
				CLANG_WARN_RANGE_LOOP_ANALYSIS = YES;
				CLANG_WARN_STRICT_PROTOTYPES = YES;
				CLANG_WARN_SUSPICIOUS_MOVE = YES;
				CLANG_WARN_UNGUARDED_AVAILABILITY = YES_AGGRESSIVE;
				CLANG_WARN_UNREACHABLE_CODE = YES;
				CLANG_WARN__DUPLICATE_METHOD_MATCH = YES;
				COPY_PHASE_STRIP = NO;
				DEBUG_INFORMATION_FORMAT = "dwarf-with-dsym";
				ENABLE_NS_ASSERTIONS = NO;
				ENABLE_STRICT_OBJC_MSGSEND = YES;
				GCC_C_LANGUAGE_STANDARD = gnu11;
				GCC_NO_COMMON_BLOCKS = YES;
				GCC_WARN_64_TO_32_BIT_CONVERSION = YES;
				GCC_WARN_ABOUT_RETURN_TYPE = YES_ERROR;
				GCC_WARN_UNDECLARED_SELECTOR = YES;
				GCC_WARN_UNINITIALIZED_AUTOS = YES_AGGRESSIVE;
				GCC_WARN_UNUSED_FUNCTION = YES;
				GCC_WARN_UNUSED_VARIABLE = YES;
				IPHONEOS_DEPLOYMENT_TARGET = 13.2;
				MTL_ENABLE_DEBUG_INFO = NO;
				MTL_FAST_MATH = YES;
				SDKROOT = iphoneos;
				SWIFT_COMPILATION_MODE = wholemodule;
				SWIFT_OPTIMIZATION_LEVEL = "-O";
				VALIDATE_PRODUCT = YES;
			};
			name = Release;
		};
		AB2DB2AA23A8097700B929C0 /* Debug */ = {
			isa = XCBuildConfiguration;
			buildSettings = {
				ASSETCATALOG_COMPILER_APPICON_NAME = AppIcon;
				CODE_SIGN_STYLE = Automatic;
				DEVELOPMENT_TEAM = 2KRRAMT3WK;
				INFOPLIST_FILE = DesignPatterns_FactoryMethod/Info.plist;
				LD_RUNPATH_SEARCH_PATHS = (
					"$(inherited)",
					"@executable_path/Frameworks",
				);
				PRODUCT_BUNDLE_IDENTIFIER = "NeoSoft.DesignPatterns-FactoryMethod";
				PRODUCT_NAME = "$(TARGET_NAME)";
				SWIFT_VERSION = 5.0;
				TARGETED_DEVICE_FAMILY = "1,2";
			};
			name = Debug;
		};
		AB2DB2AB23A8097700B929C0 /* Release */ = {
			isa = XCBuildConfiguration;
			buildSettings = {
				ASSETCATALOG_COMPILER_APPICON_NAME = AppIcon;
				CODE_SIGN_STYLE = Automatic;
				DEVELOPMENT_TEAM = 2KRRAMT3WK;
				INFOPLIST_FILE = DesignPatterns_FactoryMethod/Info.plist;
				LD_RUNPATH_SEARCH_PATHS = (
					"$(inherited)",
					"@executable_path/Frameworks",
				);
				PRODUCT_BUNDLE_IDENTIFIER = "NeoSoft.DesignPatterns-FactoryMethod";
				PRODUCT_NAME = "$(TARGET_NAME)";
				SWIFT_VERSION = 5.0;
				TARGETED_DEVICE_FAMILY = "1,2";
			};
			name = Release;
		};
/* End XCBuildConfiguration section */

/* Begin XCConfigurationList section */
		AB2DB29023A8097400B929C0 /* Build configuration list for PBXProject "DesignPatterns_FactoryMethod" */ = {
			isa = XCConfigurationList;
			buildConfigurations = (
				AB2DB2A723A8097700B929C0 /* Debug */,
				AB2DB2A823A8097700B929C0 /* Release */,
			);
			defaultConfigurationIsVisible = 0;
			defaultConfigurationName = Release;
		};
		AB2DB2A923A8097700B929C0 /* Build configuration list for PBXNativeTarget "DesignPatterns_FactoryMethod" */ = {
			isa = XCConfigurationList;
			buildConfigurations = (
				AB2DB2AA23A8097700B929C0 /* Debug */,
				AB2DB2AB23A8097700B929C0 /* Release */,
			);
			defaultConfigurationIsVisible = 0;
			defaultConfigurationName = Release;
		};
/* End XCConfigurationList section */
	};
	rootObject = AB2DB28D23A8097400B929C0 /* Project object */;
}
